Microsoft Visual Studio Solution File, Format Version 12.00
# Visual Studio Version 17
VisualStudioVersion = 17.5.2.0
MinimumVisualStudioVersion = 10.0.40219.1
Project("{FAE04EC0-301F-11D3-BF4B-00C04F79EFBC}") = "GeometryLibrary", "GeometryLibrary\GeometryLibrary.csproj", "{AB029CF2-3B33-0B9D-86F5-CA7C24158215}"
EndProject
Global
	GlobalSection(SolutionConfigurationPlatforms) = preSolution
		Debug|Any CPU = Debug|Any CPU
		Release|Any CPU = Release|Any CPU
	EndGlobalSection
	GlobalSection(ProjectConfigurationPlatforms) = postSolution
		{AB029CF2-3B33-0B9D-86F5-CA7C24158215}.Debug|Any CPU.ActiveCfg = Debug|Any CPU
		{AB029CF2-3B33-0B9D-86F5-CA7C24158215}.Debug|Any CPU.Build.0 = Debug|Any CPU
		{AB029CF2-3B33-0B9D-86F5-CA7C24158215}.Release|Any CPU.ActiveCfg = Release|Any CPU
		{AB029CF2-3B33-0B9D-86F5-CA7C24158215}.Release|Any CPU.Build.0 = Release|Any CPU
	EndGlobalSection
	GlobalSection(SolutionProperties) = preSolution
		HideSolutionNode = FALSE
	EndGlobalSection
	GlobalSection(ExtensibilityGlobals) = postSolution
		SolutionGuid = {B9BDD174-E431-462F-A53C-662EA1B2E57C}
	EndGlobalSection
EndGlobal
